
Microsoft Visual Studio Solution File, Format Version 12.00
# Visual Studio Version 16
VisualStudioVersion = 16.0.32802.440
MinimumVisualStudioVersion = 10.0.40219.1
Project("{FAE04EC0-301F-11D3-BF4B-00C04F79EFBC}") = "MusicPlayer", "BlagajnaProjekt\MusicPlayer.csproj", "{94394591-47B4-47BE-8C39-CEFE39A27F5B}"
EndProject
Global
	GlobalSection(SolutionConfigurationPlatforms) = preSolution
		Debug|Any CPU = Debug|Any CPU
		Release|Any CPU = Release|Any CPU
	EndGlobalSection
	GlobalSection(ProjectConfigurationPlatforms) = postSolution
		{94394591-47B4-47BE-8C39-CEFE39A27F5B}.Debug|Any CPU.ActiveCfg = Debug|Any CPU
		{94394591-47B4-47BE-8C39-CEFE39A27F5B}.Debug|Any CPU.Build.0 = Debug|Any CPU
		{94394591-47B4-47BE-8C39-CEFE39A27F5B}.Release|Any CPU.ActiveCfg = Release|Any CPU
		{94394591-47B4-47BE-8C39-CEFE39A27F5B}.Release|Any CPU.Build.0 = Release|Any CPU
	EndGlobalSection
	GlobalSection(SolutionProperties) = preSolution
		HideSolutionNode = FALSE
	EndGlobalSection
	GlobalSection(ExtensibilityGlobals) = postSolution
		SolutionGuid = {33CF0B4C-FD18-462B-B2F4-E11CE9743376}
	EndGlobalSection
EndGlobal
